
Microsoft Visual Studio Solution File, Format Version 12.00
# Visual Studio Version 16
VisualStudioVersion = 16.0.29709.97
MinimumVisualStudioVersion = 10.0.40219.1
Project("{9A19103F-16F7-4668-BE54-9A1E7A4F7556}") = "BlazorProgressSample", "BlazorProgressSample.csproj", "{9E9BE45F-8D51-4147-8AD3-F2D773FBC9E5}"
EndProject
Project("{9A19103F-16F7-4668-BE54-9A1E7A4F7556}") = "DataJuggler.Blazor.Components", "..\..\DataJuggler.Blazor.Components.csproj", "{C33C9861-54A6-4531-B51B-A38211046D22}"
EndProject
Global
	GlobalSection(SolutionConfigurationPlatforms) = preSolution
		Debug|Any CPU = Debug|Any CPU
		Release|Any CPU = Release|Any CPU
	EndGlobalSection
	GlobalSection(ProjectConfigurationPlatforms) = postSolution
		{9E9BE45F-8D51-4147-8AD3-F2D773FBC9E5}.Debug|Any CPU.ActiveCfg = Debug|Any CPU
		{9E9BE45F-8D51-4147-8AD3-F2D773FBC9E5}.Debug|Any CPU.Build.0 = Debug|Any CPU
		{9E9BE45F-8D51-4147-8AD3-F2D773FBC9E5}.Release|Any CPU.ActiveCfg = Release|Any CPU
		{9E9BE45F-8D51-4147-8AD3-F2D773FBC9E5}.Release|Any CPU.Build.0 = Release|Any CPU
		{C33C9861-54A6-4531-B51B-A38211046D22}.Debug|Any CPU.ActiveCfg = Debug|Any CPU
		{C33C9861-54A6-4531-B51B-A38211046D22}.Debug|Any CPU.Build.0 = Debug|Any CPU
		{C33C9861-54A6-4531-B51B-A38211046D22}.Release|Any CPU.ActiveCfg = Release|Any CPU
		{C33C9861-54A6-4531-B51B-A38211046D22}.Release|Any CPU.Build.0 = Release|Any CPU
	EndGlobalSection
	GlobalSection(SolutionProperties) = preSolution
		HideSolutionNode = FALSE
	EndGlobalSection
	GlobalSection(ExtensibilityGlobals) = postSolution
		SolutionGuid = {19ECE9AB-6F22-422D-8DED-17E6FCFC742B}
	EndGlobalSection
EndGlobal
